
Microsoft Visual Studio Solution File, Format Version 12.00
# Visual Studio Version 16
VisualStudioVersion = 16.0.29025.244
MinimumVisualStudioVersion = 10.0.40219.1
Project("{FAE04EC0-301F-11D3-BF4B-00C04F79EFBC}") = "FlappyBird", "FlappyBird\FlappyBird.csproj", "{709582FC-7044-4315-8F55-BE21566293FA}"
EndProject
Global
	GlobalSection(SolutionConfigurationPlatforms) = preSolution
		Debug|Any CPU = Debug|Any CPU
		Release|Any CPU = Release|Any CPU
	EndGlobalSection
	GlobalSection(ProjectConfigurationPlatforms) = postSolution
		{709582FC-7044-4315-8F55-BE21566293FA}.Debug|Any CPU.ActiveCfg = Debug|Any CPU
		{709582FC-7044-4315-8F55-BE21566293FA}.Debug|Any CPU.Build.0 = Debug|Any CPU
		{709582FC-7044-4315-8F55-BE21566293FA}.Release|Any CPU.ActiveCfg = Release|Any CPU
		{709582FC-7044-4315-8F55-BE21566293FA}.Release|Any CPU.Build.0 = Release|Any CPU
	EndGlobalSection
	GlobalSection(SolutionProperties) = preSolution
		HideSolutionNode = FALSE
	EndGlobalSection
	GlobalSection(ExtensibilityGlobals) = postSolution
		SolutionGuid = {8FCFF572-DE41-43FB-BBBE-5CD848C5D4D3}
	EndGlobalSection
EndGlobal
